// !$*UTF8*$!
{
	archiveVersion = 1;
	classes = {
	};
	objectVersion = 46;
	objects = {

/* Begin PBXBuildFile section */
		379604801E6C7CC300AAC111 /* AppDelegate.swift in Sources */ = {isa = PBXBuildFile; fileRef = 3796047F1E6C7CC300AAC111 /* AppDelegate.swift */; };
		379604821E6C7CC300AAC111 /* ViewController.swift in Sources */ = {isa = PBXBuildFile; fileRef = 379604811E6C7CC300AAC111 /* ViewController.swift */; };
		379604851E6C7CC300AAC111 /* Main.storyboard in Resources */ = {isa = PBXBuildFile; fileRef = 379604831E6C7CC300AAC111 /* Main.storyboard */; };
		379604871E6C7CC300AAC111 /* Assets.xcassets in Resources */ = {isa = PBXBuildFile; fileRef = 379604861E6C7CC300AAC111 /* Assets.xcassets */; };
		3796048A1E6C7CC300AAC111 /* LaunchScreen.storyboard in Resources */ = {isa = PBXBuildFile; fileRef = 379604881E6C7CC300AAC111 /* LaunchScreen.storyboard */; };
		379604921E6C7F2500AAC111 /* Auth0.plist in Resources */ = {isa = PBXBuildFile; fileRef = 379604911E6C7F2500AAC111 /* Auth0.plist */; };
		46AD02987CF62D6BB6CC1773 /* Pods_auth0Test.framework in Frameworks */ = {isa = PBXBuildFile; fileRef = 966BCFBFC51FB1348FD9126C /* Pods_auth0Test.framework */; };
/* End PBXBuildFile section */

/* Begin PBXFileReference section */
		3796047C1E6C7CC300AAC111 /* auth0Test.app */ = {isa = PBXFileReference; explicitFileType = wrapper.application; includeInIndex = 0; path = auth0Test.app; sourceTree = BUILT_PRODUCTS_DIR; };
		3796047F1E6C7CC300AAC111 /* AppDelegate.swift */ = {isa = PBXFileReference; lastKnownFileType = sourcecode.swift; path = AppDelegate.swift; sourceTree = "<group>"; };
		379604811E6C7CC300AAC111 /* ViewController.swift */ = {isa = PBXFileReference; lastKnownFileType = sourcecode.swift; path = ViewController.swift; sourceTree = "<group>"; };
		379604841E6C7CC300AAC111 /* Base */ = {isa = PBXFileReference; lastKnownFileType = file.storyboard; name = Base; path = Base.lproj/Main.storyboard; sourceTree = "<group>"; };
		379604861E6C7CC300AAC111 /* Assets.xcassets */ = {isa = PBXFileReference; lastKnownFileType = folder.assetcatalog; path = Assets.xcassets; sourceTree = "<group>"; };
		379604891E6C7CC300AAC111 /* Base */ = {isa = PBXFileReference; lastKnownFileType = file.storyboard; name = Base; path = Base.lproj/LaunchScreen.storyboard; sourceTree = "<group>"; };
		3796048B1E6C7CC300AAC111 /* Info.plist */ = {isa = PBXFileReference; lastKnownFileType = text.plist.xml; path = Info.plist; sourceTree = "<group>"; };
		379604911E6C7F2500AAC111 /* Auth0.plist */ = {isa = PBXFileReference; fileEncoding = 4; lastKnownFileType = text.plist.xml; path = Auth0.plist; sourceTree = "<group>"; };
		51CC6F1280714A04D74E6C77 /* Pods-auth0Test.debug.xcconfig */ = {isa = PBXFileReference; includeInIndex = 1; lastKnownFileType = text.xcconfig; name = "Pods-auth0Test.debug.xcconfig"; path = "Pods/Target Support Files/Pods-auth0Test/Pods-auth0Test.debug.xcconfig"; sourceTree = "<group>"; };
		7B468BBF8854A6B2474C59A7 /* Pods-auth0Test.release.xcconfig */ = {isa = PBXFileReference; includeInIndex = 1; lastKnownFileType = text.xcconfig; name = "Pods-auth0Test.release.xcconfig"; path = "Pods/Target Support Files/Pods-auth0Test/Pods-auth0Test.release.xcconfig"; sourceTree = "<group>"; };
		966BCFBFC51FB1348FD9126C /* Pods_auth0Test.framework */ = {isa = PBXFileReference; explicitFileType = wrapper.framework; includeInIndex = 0; path = Pods_auth0Test.framework; sourceTree = BUILT_PRODUCTS_DIR; };
/* End PBXFileReference section */

/* Begin PBXFrameworksBuildPhase section */
		379604791E6C7CC300AAC111 /* Frameworks */ = {
			isa = PBXFrameworksBuildPhase;
			buildActionMask = 2147483647;
			files = (
				46AD02987CF62D6BB6CC1773 /* Pods_auth0Test.framework in Frameworks */,
			);
			runOnlyForDeploymentPostprocessing = 0;
		};
/* End PBXFrameworksBuildPhase section */

/* Begin PBXGroup section */
		379604731E6C7CC300AAC111 = {
			isa = PBXGroup;
			children = (
				3796047E1E6C7CC300AAC111 /* auth0Test */,
				3796047D1E6C7CC300AAC111 /* Products */,
				78A6C5C521118C13801F529C /* Pods */,
				D7EC9FEC4F49ADB7847EF6CF /* Frameworks */,
			);
			sourceTree = "<group>";
		};
		3796047D1E6C7CC300AAC111 /* Products */ = {
			isa = PBXGroup;
			children = (
				3796047C1E6C7CC300AAC111 /* auth0Test.app */,
			);
			name = Products;
			sourceTree = "<group>";
		};
		3796047E1E6C7CC300AAC111 /* auth0Test */ = {
			isa = PBXGroup;
			children = (
				3796047F1E6C7CC300AAC111 /* AppDelegate.swift */,
				379604811E6C7CC300AAC111 /* ViewController.swift */,
				379604831E6C7CC300AAC111 /* Main.storyboard */,
				379604861E6C7CC300AAC111 /* Assets.xcassets */,
				379604881E6C7CC300AAC111 /* LaunchScreen.storyboard */,
				3796048B1E6C7CC300AAC111 /* Info.plist */,
				379604911E6C7F2500AAC111 /* Auth0.plist */,
			);
			path = auth0Test;
			sourceTree = "<group>";
		};
		78A6C5C521118C13801F529C /* Pods */ = {
			isa = PBXGroup;
			children = (
				51CC6F1280714A04D74E6C77 /* Pods-auth0Test.debug.xcconfig */,
				7B468BBF8854A6B2474C59A7 /* Pods-auth0Test.release.xcconfig */,
			);
			name = Pods;
			sourceTree = "<group>";
		};
		D7EC9FEC4F49ADB7847EF6CF /* Frameworks */ = {
			isa = PBXGroup;
			children = (
				966BCFBFC51FB1348FD9126C /* Pods_auth0Test.framework */,
			);
			name = Frameworks;
			sourceTree = "<group>";
		};
/* End PBXGroup section */

/* Begin PBXNativeTarget section */
		3796047B1E6C7CC300AAC111 /* auth0Test */ = {
			isa = PBXNativeTarget;
			buildConfigurationList = 3796048E1E6C7CC300AAC111 /* Build configuration list for PBXNativeTarget "auth0Test" */;
			buildPhases = (
				201594B95ADE1639C81F9D04 /* [CP] Check Pods Manifest.lock */,
				379604781E6C7CC300AAC111 /* Sources */,
				379604791E6C7CC300AAC111 /* Frameworks */,
				3796047A1E6C7CC300AAC111 /* Resources */,
				3DF1ADF459280D113B4F686F /* [CP] Embed Pods Frameworks */,
				B674342FB756FFE5591643A6 /* [CP] Copy Pods Resources */,
			);
			buildRules = (
			);
			dependencies = (
			);
			name = auth0Test;
			productName = auth0Test;
			productReference = 3796047C1E6C7CC300AAC111 /* auth0Test.app */;
			productType = "com.apple.product-type.application";
		};
/* End PBXNativeTarget section */

/* Begin PBXProject section */
		379604741E6C7CC300AAC111 /* Project object */ = {
			isa = PBXProject;
			attributes = {
				LastSwiftUpdateCheck = 0820;
				LastUpgradeCheck = 0820;
				ORGANIZATIONNAME = inov.io;
				TargetAttributes = {
					3796047B1E6C7CC300AAC111 = {
						CreatedOnToolsVersion = 8.2.1;
						DevelopmentTeam = V788MPXA22;
						ProvisioningStyle = Automatic;
					};
				};
			};
			buildConfigurationList = 379604771E6C7CC300AAC111 /* Build configuration list for PBXProject "auth0Test" */;
			compatibilityVersion = "Xcode 3.2";
			developmentRegion = English;
			hasScannedForEncodings = 0;
			knownRegions = (
				en,
				Base,
			);
			mainGroup = 379604731E6C7CC300AAC111;
			productRefGroup = 3796047D1E6C7CC300AAC111 /* Products */;
			projectDirPath = "";
			projectRoot = "";
			targets = (
				3796047B1E6C7CC300AAC111 /* auth0Test */,
			);
		};
/* End PBXProject section */

/* Begin PBXResourcesBuildPhase section */
		3796047A1E6C7CC300AAC111 /* Resources */ = {
			isa = PBXResourcesBuildPhase;
			buildActionMask = 2147483647;
			files = (
				3796048A1E6C7CC300AAC111 /* LaunchScreen.storyboard in Resources */,
				379604871E6C7CC300AAC111 /* Assets.xcassets in Resources */,
				379604851E6C7CC300AAC111 /* Main.storyboard in Resources */,
				379604921E6C7F2500AAC111 /* Auth0.plist in Resources */,
			);
			runOnlyForDeploymentPostprocessing = 0;
		};
/* End PBXResourcesBuildPhase section */

/* Begin PBXShellScriptBuildPhase section */
		201594B95ADE1639C81F9D04 /* [CP] Check Pods Manifest.lock */ = {
			isa = PBXShellScriptBuildPhase;
			buildActionMask = 2147483647;
			files = (
			);
			inputPaths = (
			);
			name = "[CP] Check Pods Manifest.lock";
			outputPaths = (
			);
			runOnlyForDeploymentPostprocessing = 0;
			shellPath = /bin/sh;
			shellScript = "diff \"${PODS_ROOT}/../Podfile.lock\" \"${PODS_ROOT}/Manifest.lock\" > /dev/null\nif [ $? != 0 ] ; then\n    # print error to STDERR\n    echo \"error: The sandbox is not in sync with the Podfile.lock. Run 'pod install' or update your CocoaPods installation.\" >&2\n    exit 1\nfi\n";
			showEnvVarsInLog = 0;
		};
		3DF1ADF459280D113B4F686F /* [CP] Embed Pods Frameworks */ = {
			isa = PBXShellScriptBuildPhase;
			buildActionMask = 2147483647;
			files = (
			);
			inputPaths = (
			);
			name = "[CP] Embed Pods Frameworks";
			outputPaths = (
			);
			runOnlyForDeploymentPostprocessing = 0;
			shellPath = /bin/sh;
			shellScript = "\"${SRCROOT}/Pods/Target Support Files/Pods-auth0Test/Pods-auth0Test-frameworks.sh\"\n";
			showEnvVarsInLog = 0;
		};
		B674342FB756FFE5591643A6 /* [CP] Copy Pods Resources */ = {
			isa = PBXShellScriptBuildPhase;
			buildActionMask = 2147483647;
			files = (
			);
			inputPaths = (
			);
			name = "[CP] Copy Pods Resources";
			outputPaths = (
			);
			runOnlyForDeploymentPostprocessing = 0;
			shellPath = /bin/sh;
			shellScript = "\"${SRCROOT}/Pods/Target Support Files/Pods-auth0Test/Pods-auth0Test-resources.sh\"\n";
			showEnvVarsInLog = 0;
		};
/* End PBXShellScriptBuildPhase section */

/* Begin PBXSourcesBuildPhase section */
		379604781E6C7CC300AAC111 /* Sources */ = {
			isa = PBXSourcesBuildPhase;
			buildActionMask = 2147483647;
			files = (
				379604821E6C7CC300AAC111 /* ViewController.swift in Sources */,
				379604801E6C7CC300AAC111 /* AppDelegate.swift in Sources */,
			);
			runOnlyForDeploymentPostprocessing = 0;
		};
/* End PBXSourcesBuildPhase section */

/* Begin PBXVariantGroup section */
		379604831E6C7CC300AAC111 /* Main.storyboard */ = {
			isa = PBXVariantGroup;
			children = (
				379604841E6C7CC300AAC111 /* Base */,
			);
			name = Main.storyboard;
			sourceTree = "<group>";
		};
		379604881E6C7CC300AAC111 /* LaunchScreen.storyboard */ = {
			isa = PBXVariantGroup;
			children = (
				379604891E6C7CC300AAC111 /* Base */,
			);
			name = LaunchScreen.storyboard;
			sourceTree = "<group>";
		};
/* End PBXVariantGroup section */

/* Begin XCBuildConfiguration section */
		3796048C1E6C7CC300AAC111 /* Debug */ = {
			isa = XCBuildConfiguration;
			buildSettings = {
				ALWAYS_SEARCH_USER_PATHS = NO;
				CLANG_ANALYZER_NONNULL = YES;
				CLANG_CXX_LANGUAGE_STANDARD = "gnu++0x";
				CLANG_CXX_LIBRARY = "libc++";
				CLANG_ENABLE_MODULES = YES;
				CLANG_ENABLE_OBJC_ARC = YES;
				CLANG_WARN_BOOL_CONVERSION = YES;
				CLANG_WARN_CONSTANT_CONVERSION = YES;
				CLANG_WARN_DIRECT_OBJC_ISA_USAGE = YES_ERROR;
				CLANG_WARN_DOCUMENTATION_COMMENTS = YES;
				CLANG_WARN_EMPTY_BODY = YES;
				CLANG_WARN_ENUM_CONVERSION = YES;
				CLANG_WARN_INFINITE_RECURSION = YES;
				CLANG_WARN_INT_CONVERSION = YES;
				CLANG_WARN_OBJC_ROOT_CLASS = YES_ERROR;
				CLANG_WARN_SUSPICIOUS_MOVE = YES;
				CLANG_WARN_UNREACHABLE_CODE = YES;
				CLANG_WARN__DUPLICATE_METHOD_MATCH = YES;
				"CODE_SIGN_IDENTITY[sdk=iphoneos*]" = "iPhone Developer";
				COPY_PHASE_STRIP = NO;
				DEBUG_INFORMATION_FORMAT = dwarf;
				ENABLE_STRICT_OBJC_MSGSEND = YES;
				ENABLE_TESTABILITY = YES;
				GCC_C_LANGUAGE_STANDARD = gnu99;
				GCC_DYNAMIC_NO_PIC = NO;
				GCC_NO_COMMON_BLOCKS = YES;
				GCC_OPTIMIZATION_LEVEL = 0;
				GCC_PREPROCESSOR_DEFINITIONS = (
					"DEBUG=1",
					"$(inherited)",
				);
				GCC_WARN_64_TO_32_BIT_CONVERSION = YES;
				GCC_WARN_ABOUT_RETURN_TYPE = YES_ERROR;
				GCC_WARN_UNDECLARED_SELECTOR = YES;
				GCC_WARN_UNINITIALIZED_AUTOS = YES_AGGRESSIVE;
				GCC_WARN_UNUSED_FUNCTION = YES;
				GCC_WARN_UNUSED_VARIABLE = YES;
				IPHONEOS_DEPLOYMENT_TARGET = 10.2;
				MTL_ENABLE_DEBUG_INFO = YES;
				ONLY_ACTIVE_ARCH = YES;
				SDKROOT = iphoneos;
				SWIFT_ACTIVE_COMPILATION_CONDITIONS = DEBUG;
				SWIFT_OPTIMIZATION_LEVEL = "-Onone";
				TARGETED_DEVICE_FAMILY = "1,2";
			};
			name = Debug;
		};
		3796048D1E6C7CC300AAC111 /* Release */ = {
			isa = XCBuildConfiguration;
			buildSettings = {
				ALWAYS_SEARCH_USER_PATHS = NO;
				CLANG_ANALYZER_NONNULL = YES;
				CLANG_CXX_LANGUAGE_STANDARD = "gnu++0x";
				CLANG_CXX_LIBRARY = "libc++";
				CLANG_ENABLE_MODULES = YES;
				CLANG_ENABLE_OBJC_ARC = YES;
				CLANG_WARN_BOOL_CONVERSION = YES;
				CLANG_WARN_CONSTANT_CONVERSION = YES;
				CLANG_WARN_DIRECT_OBJC_ISA_USAGE = YES_ERROR;
				CLANG_WARN_DOCUMENTATION_COMMENTS = YES;
				CLANG_WARN_EMPTY_BODY = YES;
				CLANG_WARN_ENUM_CONVERSION = YES;
				CLANG_WARN_INFINITE_RECURSION = YES;
				CLANG_WARN_INT_CONVERSION = YES;
				CLANG_WARN_OBJC_ROOT_CLASS = YES_ERROR;
				CLANG_WARN_SUSPICIOUS_MOVE = YES;
				CLANG_WARN_UNREACHABLE_CODE = YES;
				CLANG_WARN__DUPLICATE_METHOD_MATCH = YES;
				"CODE_SIGN_IDENTITY[sdk=iphoneos*]" = "iPhone Developer";
				COPY_PHASE_STRIP = NO;
				DEBUG_INFORMATION_FORMAT = "dwarf-with-dsym";
				ENABLE_NS_ASSERTIONS = NO;
				ENABLE_STRICT_OBJC_MSGSEND = YES;
				GCC_C_LANGUAGE_STANDARD = gnu99;
				GCC_NO_COMMON_BLOCKS = YES;
				GCC_WARN_64_TO_32_BIT_CONVERSION = YES;
				GCC_WARN_ABOUT_RETURN_TYPE = YES_ERROR;
				GCC_WARN_UNDECLARED_SELECTOR = YES;
				GCC_WARN_UNINITIALIZED_AUTOS = YES_AGGRESSIVE;
				GCC_WARN_UNUSED_FUNCTION = YES;
				GCC_WARN_UNUSED_VARIABLE = YES;
				IPHONEOS_DEPLOYMENT_TARGET = 10.2;
				MTL_ENABLE_DEBUG_INFO = NO;
				SDKROOT = iphoneos;
				SWIFT_OPTIMIZATION_LEVEL = "-Owholemodule";
				TARGETED_DEVICE_FAMILY = "1,2";
				VALIDATE_PRODUCT = YES;
			};
			name = Release;
		};
		3796048F1E6C7CC300AAC111 /* Debug */ = {
			isa = XCBuildConfiguration;
			baseConfigurationReference = 51CC6F1280714A04D74E6C77 /* Pods-auth0Test.debug.xcconfig */;
			buildSettings = {
				ASSETCATALOG_COMPILER_APPICON_NAME = AppIcon;
				DEVELOPMENT_TEAM = V788MPXA22;
				INFOPLIST_FILE = auth0Test/Info.plist;
				LD_RUNPATH_SEARCH_PATHS = "$(inherited) @executable_path/Frameworks";
				PRODUCT_BUNDLE_IDENTIFIER = io.inov.auth0Test;
				PRODUCT_NAME = "$(TARGET_NAME)";
				SWIFT_VERSION = 3.0;
			};
			name = Debug;
		};
		379604901E6C7CC300AAC111 /* Release */ = {
			isa = XCBuildConfiguration;
			baseConfigurationReference = 7B468BBF8854A6B2474C59A7 /* Pods-auth0Test.release.xcconfig */;
			buildSettings = {
				ASSETCATALOG_COMPILER_APPICON_NAME = AppIcon;
				DEVELOPMENT_TEAM = V788MPXA22;
				INFOPLIST_FILE = auth0Test/Info.plist;
				LD_RUNPATH_SEARCH_PATHS = "$(inherited) @executable_path/Frameworks";
				PRODUCT_BUNDLE_IDENTIFIER = io.inov.auth0Test;
				PRODUCT_NAME = "$(TARGET_NAME)";
				SWIFT_VERSION = 3.0;
			};
			name = Release;
		};
/* End XCBuildConfiguration section */

/* Begin XCConfigurationList section */
		379604771E6C7CC300AAC111 /* Build configuration list for PBXProject "auth0Test" */ = {
			isa = XCConfigurationList;
			buildConfigurations = (
				3796048C1E6C7CC300AAC111 /* Debug */,
				3796048D1E6C7CC300AAC111 /* Release */,
			);
			defaultConfigurationIsVisible = 0;
			defaultConfigurationName = Release;
		};
		3796048E1E6C7CC300AAC111 /* Build configuration list for PBXNativeTarget "auth0Test" */ = {
			isa = XCConfigurationList;
			buildConfigurations = (
				3796048F1E6C7CC300AAC111 /* Debug */,
				379604901E6C7CC300AAC111 /* Release */,
			);
			defaultConfigurationIsVisible = 0;
			defaultConfigurationName = Release;
		};
/* End XCConfigurationList section */
	};
	rootObject = 379604741E6C7CC300AAC111 /* Project object */;
}
